Microsoft Visual Studio Solution File, Format Version 12.00
# Visual Studio 15
VisualStudioVersion = 15.0.26124.0
MinimumVisualStudioVersion = 15.0.26124.0
Project("{FAE04EC0-301F-11D3-BF4B-00C04F79EFBC}") = "FiveM-Taxi.Client", "Client\FiveM-Taxi.Client.csproj", "{B7C5C047-996D-4CCF-9E2F-868D3D7355D8}"
EndProject
Project("{FAE04EC0-301F-11D3-BF4B-00C04F79EFBC}") = "FiveM-Taxi.Server", "Server\FiveM-Taxi.Server.csproj", "{0E2A25AB-C60F-4773-9607-852A9BCB7203}"
EndProject
Global
	GlobalSection(SolutionConfigurationPlatforms) = preSolution
		Debug|Any CPU = Debug|Any CPU
		Release|Any CPU = Release|Any CPU
	EndGlobalSection
	GlobalSection(SolutionProperties) = preSolution
		HideSolutionNode = FALSE
	EndGlobalSection
	GlobalSection(ProjectConfigurationPlatforms) = postSolution
		{B7C5C047-996D-4CCF-9E2F-868D3D7355D8}.Debug|Any CPU.ActiveCfg = Debug|Any CPU
		{B7C5C047-996D-4CCF-9E2F-868D3D7355D8}.Debug|Any CPU.Build.0 = Debug|Any CPU
		{B7C5C047-996D-4CCF-9E2F-868D3D7355D8}.Release|Any CPU.ActiveCfg = Release|Any CPU
		{B7C5C047-996D-4CCF-9E2F-868D3D7355D8}.Release|Any CPU.Build.0 = Release|Any CPU
		{0E2A25AB-C60F-4773-9607-852A9BCB7203}.Debug|Any CPU.ActiveCfg = Debug|Any CPU
		{0E2A25AB-C60F-4773-9607-852A9BCB7203}.Debug|Any CPU.Build.0 = Debug|Any CPU
		{0E2A25AB-C60F-4773-9607-852A9BCB7203}.Release|Any CPU.ActiveCfg = Release|Any CPU
		{0E2A25AB-C60F-4773-9607-852A9BCB7203}.Release|Any CPU.Build.0 = Release|Any CPU
	EndGlobalSection
EndGlobal
